
Microsoft Visual Studio Solution File, Format Version 12.00
# Visual Studio 15
VisualStudioVersion = 15.0.27705.2000
MinimumVisualStudioVersion = 10.0.40219.1
Project("{FAE04EC0-301F-11D3-BF4B-00C04F79EFBC}") = "Cargu", "Cargu\Cargu.csproj", "{A1278B58-BC26-458E-AC07-FBDE60E02B3C}"
EndProject
Project("{FAE04EC0-301F-11D3-BF4B-00C04F79EFBC}") = "Cargu.Tests", "Cargu.Tests\Cargu.Tests.csproj", "{47F33E10-696E-49CB-9A0F-0E79A3E13C78}"
EndProject
Global
	GlobalSection(SolutionConfigurationPlatforms) = preSolution
		Debug|Any CPU = Debug|Any CPU
		Release|Any CPU = Release|Any CPU
	EndGlobalSection
	GlobalSection(ProjectConfigurationPlatforms) = postSolution
		{A1278B58-BC26-458E-AC07-FBDE60E02B3C}.Debug|Any CPU.ActiveCfg = Debug|Any CPU
		{A1278B58-BC26-458E-AC07-FBDE60E02B3C}.Debug|Any CPU.Build.0 = Debug|Any CPU
		{A1278B58-BC26-458E-AC07-FBDE60E02B3C}.Release|Any CPU.ActiveCfg = Release|Any CPU
		{A1278B58-BC26-458E-AC07-FBDE60E02B3C}.Release|Any CPU.Build.0 = Release|Any CPU
		{47F33E10-696E-49CB-9A0F-0E79A3E13C78}.Debug|Any CPU.ActiveCfg = Debug|Any CPU
		{47F33E10-696E-49CB-9A0F-0E79A3E13C78}.Debug|Any CPU.Build.0 = Debug|Any CPU
		{47F33E10-696E-49CB-9A0F-0E79A3E13C78}.Release|Any CPU.ActiveCfg = Release|Any CPU
		{47F33E10-696E-49CB-9A0F-0E79A3E13C78}.Release|Any CPU.Build.0 = Release|Any CPU
	EndGlobalSection
	GlobalSection(SolutionProperties) = preSolution
		HideSolutionNode = FALSE
	EndGlobalSection
	GlobalSection(ExtensibilityGlobals) = postSolution
		SolutionGuid = {AA385858-4C32-4BBC-8F21-DBC5256D686A}
	EndGlobalSection
EndGlobal
